// !$*UTF8*$!
{
	archiveVersion = 1;
	classes = {
	};
	objectVersion = 55;
	objects = {

/* Begin PBXBuildFile section */
		91CBF0C62735857700C4E8BC /* StartPage.swift in Sources */ = {isa = PBXBuildFile; fileRef = 91CBF0C52735857700C4E8BC /* StartPage.swift */; };
		91CBF0C8273585B500C4E8BC /* SessionParamView.swift in Sources */ = {isa = PBXBuildFile; fileRef = 91CBF0C7273585B500C4E8BC /* SessionParamView.swift */; };
		91CBF0CD2735999500C4E8BC /* SliderAnimation.swift in Sources */ = {isa = PBXBuildFile; fileRef = 91CBF0CC2735999500C4E8BC /* SliderAnimation.swift */; };
		91CBF0D02735B3FC00C4E8BC /* ParallaxEffect.swift in Sources */ = {isa = PBXBuildFile; fileRef = 91CBF0CF2735B3FC00C4E8BC /* ParallaxEffect.swift */; };
		91CBF0D22735B44D00C4E8BC /* ParallaxDemo.swift in Sources */ = {isa = PBXBuildFile; fileRef = 91CBF0D12735B44D00C4E8BC /* ParallaxDemo.swift */; };
		91CBF0D42736564B00C4E8BC /* DashedBorderEffect.swift in Sources */ = {isa = PBXBuildFile; fileRef = 91CBF0D32736564B00C4E8BC /* DashedBorderEffect.swift */; };
		91E8A04E2736EA3700D970C5 /* SessionStartView.swift in Sources */ = {isa = PBXBuildFile; fileRef = 91E8A04D2736EA3700D970C5 /* SessionStartView.swift */; };
		91E8A0502736F8FB00D970C5 /* SessionBottomSlider.swift in Sources */ = {isa = PBXBuildFile; fileRef = 91E8A04F2736F8FB00D970C5 /* SessionBottomSlider.swift */; };
		CF0814B82736B09B00D7E562 /* StrokeStyle+dashed.swift in Sources */ = {isa = PBXBuildFile; fileRef = CF0814B72736B09B00D7E562 /* StrokeStyle+dashed.swift */; };
		CF0814BA2736B11B00D7E562 /* DashedButtonStyle.swift in Sources */ = {isa = PBXBuildFile; fileRef = CF0814B92736B11B00D7E562 /* DashedButtonStyle.swift */; };
		CF8B11AC2735826B00579F46 /* MoltApp.swift in Sources */ = {isa = PBXBuildFile; fileRef = CF8B11AB2735826B00579F46 /* MoltApp.swift */; };
		CF8B11AE2735826B00579F46 /* ContentView.swift in Sources */ = {isa = PBXBuildFile; fileRef = CF8B11AD2735826B00579F46 /* ContentView.swift */; };
		CF8B11B02735826D00579F46 /* Assets.xcassets in Resources */ = {isa = PBXBuildFile; fileRef = CF8B11AF2735826D00579F46 /* Assets.xcassets */; };
		CF8B11B32735826D00579F46 /* Preview Assets.xcassets in Resources */ = {isa = PBXBuildFile; fileRef = CF8B11B22735826D00579F46 /* Preview Assets.xcassets */; };
		CF8B11BD2735826D00579F46 /* MoltTests.swift in Sources */ = {isa = PBXBuildFile; fileRef = CF8B11BC2735826D00579F46 /* MoltTests.swift */; };
		CF8B11C72735826D00579F46 /* MoltUITests.swift in Sources */ = {isa = PBXBuildFile; fileRef = CF8B11C62735826D00579F46 /* MoltUITests.swift */; };
		CF8B11C92735826D00579F46 /* MoltUITestsLaunchTests.swift in Sources */ = {isa = PBXBuildFile; fileRef = CF8B11C82735826D00579F46 /* MoltUITestsLaunchTests.swift */; };
		CF8B11D62735855400579F46 /* MoltSession.swift in Sources */ = {isa = PBXBuildFile; fileRef = CF8B11D52735855400579F46 /* MoltSession.swift */; };
		CF8B11D82735889000579F46 /* Sticky.swift in Sources */ = {isa = PBXBuildFile; fileRef = CF8B11D72735889000579F46 /* Sticky.swift */; };
		CF8B11DA2735A2C200579F46 /* StickyView.swift in Sources */ = {isa = PBXBuildFile; fileRef = CF8B11D92735A2C200579F46 /* StickyView.swift */; };
		CF8B11DC2735A2D000579F46 /* StickyViewDemo.swift in Sources */ = {isa = PBXBuildFile; fileRef = CF8B11DB2735A2D000579F46 /* StickyViewDemo.swift */; };
		CF8B11DF2735F21F00579F46 /* Colors.xcassets in Resources */ = {isa = PBXBuildFile; fileRef = CF8B11DE2735F21F00579F46 /* Colors.xcassets */; };
		CF8B11E12735F2B200579F46 /* Color+sticky.swift in Sources */ = {isa = PBXBuildFile; fileRef = CF8B11E02735F2B200579F46 /* Color+sticky.swift */; };
/* End PBXBuildFile section */

/* Begin PBXContainerItemProxy section */
		CF8B11B92735826D00579F46 /* PBXContainerItemProxy */ = {
			isa = PBXContainerItemProxy;
			containerPortal = CF8B11A02735826B00579F46 /* Project object */;
			proxyType = 1;
			remoteGlobalIDString = CF8B11A72735826B00579F46;
			remoteInfo = Molt;
		};
		CF8B11C32735826D00579F46 /* PBXContainerItemProxy */ = {
			isa = PBXContainerItemProxy;
			containerPortal = CF8B11A02735826B00579F46 /* Project object */;
			proxyType = 1;
			remoteGlobalIDString = CF8B11A72735826B00579F46;
			remoteInfo = Molt;
		};
/* End PBXContainerItemProxy section */

/* Begin PBXFileReference section */
		91CBF0C52735857700C4E8BC /* StartPage.swift */ = {isa = PBXFileReference; lastKnownFileType = sourcecode.swift; path = StartPage.swift; sourceTree = "<group>"; };
		91CBF0C7273585B500C4E8BC /* SessionParamView.swift */ = {isa = PBXFileReference; lastKnownFileType = sourcecode.swift; path = SessionParamView.swift; sourceTree = "<group>"; };
		91CBF0CC2735999500C4E8BC /* SliderAnimation.swift */ = {isa = PBXFileReference; lastKnownFileType = sourcecode.swift; path = SliderAnimation.swift; sourceTree = "<group>"; };
		91CBF0CF2735B3FC00C4E8BC /* ParallaxEffect.swift */ = {isa = PBXFileReference; lastKnownFileType = sourcecode.swift; path = ParallaxEffect.swift; sourceTree = "<group>"; };
		91CBF0D12735B44D00C4E8BC /* ParallaxDemo.swift */ = {isa = PBXFileReference; lastKnownFileType = sourcecode.swift; path = ParallaxDemo.swift; sourceTree = "<group>"; };
		91CBF0D32736564B00C4E8BC /* DashedBorderEffect.swift */ = {isa = PBXFileReference; lastKnownFileType = sourcecode.swift; path = DashedBorderEffect.swift; sourceTree = "<group>"; };
		91E8A04D2736EA3700D970C5 /* SessionStartView.swift */ = {isa = PBXFileReference; lastKnownFileType = sourcecode.swift; path = SessionStartView.swift; sourceTree = "<group>"; };
		91E8A04F2736F8FB00D970C5 /* SessionBottomSlider.swift */ = {isa = PBXFileReference; lastKnownFileType = sourcecode.swift; path = SessionBottomSlider.swift; sourceTree = "<group>"; };
		CF0814B72736B09B00D7E562 /* StrokeStyle+dashed.swift */ = {isa = PBXFileReference; lastKnownFileType = sourcecode.swift; path = "StrokeStyle+dashed.swift"; sourceTree = "<group>"; };
		CF0814B92736B11B00D7E562 /* DashedButtonStyle.swift */ = {isa = PBXFileReference; lastKnownFileType = sourcecode.swift; path = DashedButtonStyle.swift; sourceTree = "<group>"; };
		CF8B11A82735826B00579F46 /* Molt.app */ = {isa = PBXFileReference; explicitFileType = wrapper.application; includeInIndex = 0; path = Molt.app; sourceTree = BUILT_PRODUCTS_DIR; };
		CF8B11AB2735826B00579F46 /* MoltApp.swift */ = {isa = PBXFileReference; lastKnownFileType = sourcecode.swift; path = MoltApp.swift; sourceTree = "<group>"; };
		CF8B11AD2735826B00579F46 /* ContentView.swift */ = {isa = PBXFileReference; lastKnownFileType = sourcecode.swift; path = ContentView.swift; sourceTree = "<group>"; };
		CF8B11AF2735826D00579F46 /* Assets.xcassets */ = {isa = PBXFileReference; lastKnownFileType = folder.assetcatalog; path = Assets.xcassets; sourceTree = "<group>"; };
		CF8B11B22735826D00579F46 /* Preview Assets.xcassets */ = {isa = PBXFileReference; lastKnownFileType = folder.assetcatalog; path = "Preview Assets.xcassets"; sourceTree = "<group>"; };
		CF8B11B82735826D00579F46 /* MoltTests.xctest */ = {isa = PBXFileReference; explicitFileType = wrapper.cfbundle; includeInIndex = 0; path = MoltTests.xctest; sourceTree = BUILT_PRODUCTS_DIR; };
		CF8B11BC2735826D00579F46 /* MoltTests.swift */ = {isa = PBXFileReference; lastKnownFileType = sourcecode.swift; path = MoltTests.swift; sourceTree = "<group>"; };
		CF8B11C22735826D00579F46 /* MoltUITests.xctest */ = {isa = PBXFileReference; explicitFileType = wrapper.cfbundle; includeInIndex = 0; path = MoltUITests.xctest; sourceTree = BUILT_PRODUCTS_DIR; };
		CF8B11C62735826D00579F46 /* MoltUITests.swift */ = {isa = PBXFileReference; lastKnownFileType = sourcecode.swift; path = MoltUITests.swift; sourceTree = "<group>"; };
		CF8B11C82735826D00579F46 /* MoltUITestsLaunchTests.swift */ = {isa = PBXFileReference; lastKnownFileType = sourcecode.swift; path = MoltUITestsLaunchTests.swift; sourceTree = "<group>"; };
		CF8B11D52735855400579F46 /* MoltSession.swift */ = {isa = PBXFileReference; lastKnownFileType = sourcecode.swift; path = MoltSession.swift; sourceTree = "<group>"; };
		CF8B11D72735889000579F46 /* Sticky.swift */ = {isa = PBXFileReference; lastKnownFileType = sourcecode.swift; path = Sticky.swift; sourceTree = "<group>"; };
		CF8B11D92735A2C200579F46 /* StickyView.swift */ = {isa = PBXFileReference; lastKnownFileType = sourcecode.swift; path = StickyView.swift; sourceTree = "<group>"; };
		CF8B11DB2735A2D000579F46 /* StickyViewDemo.swift */ = {isa = PBXFileReference; lastKnownFileType = sourcecode.swift; path = StickyViewDemo.swift; sourceTree = "<group>"; };
		CF8B11DE2735F21F00579F46 /* Colors.xcassets */ = {isa = PBXFileReference; lastKnownFileType = folder.assetcatalog; path = Colors.xcassets; sourceTree = "<group>"; };
		CF8B11E02735F2B200579F46 /* Color+sticky.swift */ = {isa = PBXFileReference; lastKnownFileType = sourcecode.swift; path = "Color+sticky.swift"; sourceTree = "<group>"; };
/* End PBXFileReference section */

/* Begin PBXFrameworksBuildPhase section */
		CF8B11A52735826B00579F46 /* Frameworks */ = {
			isa = PBXFrameworksBuildPhase;
			buildActionMask = 2147483647;
			files = (
			);
			runOnlyForDeploymentPostprocessing = 0;
		};
		CF8B11B52735826D00579F46 /* Frameworks */ = {
			isa = PBXFrameworksBuildPhase;
			buildActionMask = 2147483647;
			files = (
			);
			runOnlyForDeploymentPostprocessing = 0;
		};
		CF8B11BF2735826D00579F46 /* Frameworks */ = {
			isa = PBXFrameworksBuildPhase;
			buildActionMask = 2147483647;
			files = (
			);
			runOnlyForDeploymentPostprocessing = 0;
		};
/* End PBXFrameworksBuildPhase section */

/* Begin PBXGroup section */
		91CBF0C32735850D00C4E8BC /* View */ = {
			isa = PBXGroup;
			children = (
				CF8B11DD2735A43E00579F46 /* Sticky */,
				91CBF0CE2735A66D00C4E8BC /* Animation */,
				91CBF0C52735857700C4E8BC /* StartPage.swift */,
				91CBF0C7273585B500C4E8BC /* SessionParamView.swift */,
				91E8A04D2736EA3700D970C5 /* SessionStartView.swift */,
			);
			path = View;
			sourceTree = "<group>";
		};
		91CBF0CE2735A66D00C4E8BC /* Animation */ = {
			isa = PBXGroup;
			children = (
				91CBF0CC2735999500C4E8BC /* SliderAnimation.swift */,
				91CBF0CF2735B3FC00C4E8BC /* ParallaxEffect.swift */,
				91CBF0D12735B44D00C4E8BC /* ParallaxDemo.swift */,
				91CBF0D32736564B00C4E8BC /* DashedBorderEffect.swift */,
				91E8A04F2736F8FB00D970C5 /* SessionBottomSlider.swift */,
			);
			path = Animation;
			sourceTree = "<group>";
		};
		CF8B119F2735826B00579F46 = {
			isa = PBXGroup;
			children = (
				CF8B11AA2735826B00579F46 /* Molt */,
				CF8B11BB2735826D00579F46 /* MoltTests */,
				CF8B11C52735826D00579F46 /* MoltUITests */,
				CF8B11A92735826B00579F46 /* Products */,
			);
			sourceTree = "<group>";
		};
		CF8B11A92735826B00579F46 /* Products */ = {
			isa = PBXGroup;
			children = (
				CF8B11A82735826B00579F46 /* Molt.app */,
				CF8B11B82735826D00579F46 /* MoltTests.xctest */,
				CF8B11C22735826D00579F46 /* MoltUITests.xctest */,
			);
			name = Products;
			sourceTree = "<group>";
		};
		CF8B11AA2735826B00579F46 /* Molt */ = {
			isa = PBXGroup;
			children = (
				CF8B11E32735F36500579F46 /* Model */,
				CF8B11E22735F32F00579F46 /* Styles */,
				91CBF0C32735850D00C4E8BC /* View */,
				CF8B11AB2735826B00579F46 /* MoltApp.swift */,
				CF8B11AD2735826B00579F46 /* ContentView.swift */,
				CF8B11AF2735826D00579F46 /* Assets.xcassets */,
				CF8B11DE2735F21F00579F46 /* Colors.xcassets */,
				CF8B11B12735826D00579F46 /* Preview Content */,
			);
			path = Molt;
			sourceTree = "<group>";
		};
		CF8B11B12735826D00579F46 /* Preview Content */ = {
			isa = PBXGroup;
			children = (
				CF8B11B22735826D00579F46 /* Preview Assets.xcassets */,
			);
			path = "Preview Content";
			sourceTree = "<group>";
		};
		CF8B11BB2735826D00579F46 /* MoltTests */ = {
			isa = PBXGroup;
			children = (
				CF8B11BC2735826D00579F46 /* MoltTests.swift */,
			);
			path = MoltTests;
			sourceTree = "<group>";
		};
		CF8B11C52735826D00579F46 /* MoltUITests */ = {
			isa = PBXGroup;
			children = (
				CF8B11C62735826D00579F46 /* MoltUITests.swift */,
				CF8B11C82735826D00579F46 /* MoltUITestsLaunchTests.swift */,
			);
			path = MoltUITests;
			sourceTree = "<group>";
		};
		CF8B11DD2735A43E00579F46 /* Sticky */ = {
			isa = PBXGroup;
			children = (
				CF8B11D72735889000579F46 /* Sticky.swift */,
				CF8B11D92735A2C200579F46 /* StickyView.swift */,
				CF8B11DB2735A2D000579F46 /* StickyViewDemo.swift */,
			);
			path = Sticky;
			sourceTree = "<group>";
		};
		CF8B11E22735F32F00579F46 /* Styles */ = {
			isa = PBXGroup;
			children = (
				CF8B11E02735F2B200579F46 /* Color+sticky.swift */,
				CF0814B72736B09B00D7E562 /* StrokeStyle+dashed.swift */,
				CF0814B92736B11B00D7E562 /* DashedButtonStyle.swift */,
			);
			path = Styles;
			sourceTree = "<group>";
		};
		CF8B11E32735F36500579F46 /* Model */ = {
			isa = PBXGroup;
			children = (
				CF8B11D52735855400579F46 /* MoltSession.swift */,
			);
			path = Model;
			sourceTree = "<group>";
		};
/* End PBXGroup section */

/* Begin PBXNativeTarget section */
		CF8B11A72735826B00579F46 /* Molt */ = {
			isa = PBXNativeTarget;
			buildConfigurationList = CF8B11CC2735826D00579F46 /* Build configuration list for PBXNativeTarget "Molt" */;
			buildPhases = (
				CF8B11A42735826B00579F46 /* Sources */,
				CF8B11A52735826B00579F46 /* Frameworks */,
				CF8B11A62735826B00579F46 /* Resources */,
			);
			buildRules = (
			);
			dependencies = (
			);
			name = Molt;
			productName = Molt;
			productReference = CF8B11A82735826B00579F46 /* Molt.app */;
			productType = "com.apple.product-type.application";
		};
		CF8B11B72735826D00579F46 /* MoltTests */ = {
			isa = PBXNativeTarget;
			buildConfigurationList = CF8B11CF2735826D00579F46 /* Build configuration list for PBXNativeTarget "MoltTests" */;
			buildPhases = (
				CF8B11B42735826D00579F46 /* Sources */,
				CF8B11B52735826D00579F46 /* Frameworks */,
				CF8B11B62735826D00579F46 /* Resources */,
			);
			buildRules = (
			);
			dependencies = (
				CF8B11BA2735826D00579F46 /* PBXTargetDependency */,
			);
			name = MoltTests;
			productName = MoltTests;
			productReference = CF8B11B82735826D00579F46 /* MoltTests.xctest */;
			productType = "com.apple.product-type.bundle.unit-test";
		};
		CF8B11C12735826D00579F46 /* MoltUITests */ = {
			isa = PBXNativeTarget;
			buildConfigurationList = CF8B11D22735826D00579F46 /* Build configuration list for PBXNativeTarget "MoltUITests" */;
			buildPhases = (
				CF8B11BE2735826D00579F46 /* Sources */,
				CF8B11BF2735826D00579F46 /* Frameworks */,
				CF8B11C02735826D00579F46 /* Resources */,
			);
			buildRules = (
			);
			dependencies = (
				CF8B11C42735826D00579F46 /* PBXTargetDependency */,
			);
			name = MoltUITests;
			productName = MoltUITests;
			productReference = CF8B11C22735826D00579F46 /* MoltUITests.xctest */;
			productType = "com.apple.product-type.bundle.ui-testing";
		};
/* End PBXNativeTarget section */

/* Begin PBXProject section */
		CF8B11A02735826B00579F46 /* Project object */ = {
			isa = PBXProject;
			attributes = {
				BuildIndependentTargetsInParallel = 1;
				LastSwiftUpdateCheck = 1300;
				LastUpgradeCheck = 1300;
				TargetAttributes = {
					CF8B11A72735826B00579F46 = {
						CreatedOnToolsVersion = 13.0;
					};
					CF8B11B72735826D00579F46 = {
						CreatedOnToolsVersion = 13.0;
						TestTargetID = CF8B11A72735826B00579F46;
					};
					CF8B11C12735826D00579F46 = {
						CreatedOnToolsVersion = 13.0;
						TestTargetID = CF8B11A72735826B00579F46;
					};
				};
			};
			buildConfigurationList = CF8B11A32735826B00579F46 /* Build configuration list for PBXProject "Molt" */;
			compatibilityVersion = "Xcode 13.0";
			developmentRegion = en;
			hasScannedForEncodings = 0;
			knownRegions = (
				en,
				Base,
			);
			mainGroup = CF8B119F2735826B00579F46;
			productRefGroup = CF8B11A92735826B00579F46 /* Products */;
			projectDirPath = "";
			projectRoot = "";
			targets = (
				CF8B11A72735826B00579F46 /* Molt */,
				CF8B11B72735826D00579F46 /* MoltTests */,
				CF8B11C12735826D00579F46 /* MoltUITests */,
			);
		};
/* End PBXProject section */

/* Begin PBXResourcesBuildPhase section */
		CF8B11A62735826B00579F46 /* Resources */ = {
			isa = PBXResourcesBuildPhase;
			buildActionMask = 2147483647;
			files = (
				CF8B11DF2735F21F00579F46 /* Colors.xcassets in Resources */,
				CF8B11B32735826D00579F46 /* Preview Assets.xcassets in Resources */,
				CF8B11B02735826D00579F46 /* Assets.xcassets in Resources */,
			);
			runOnlyForDeploymentPostprocessing = 0;
		};
		CF8B11B62735826D00579F46 /* Resources */ = {
			isa = PBXResourcesBuildPhase;
			buildActionMask = 2147483647;
			files = (
			);
			runOnlyForDeploymentPostprocessing = 0;
		};
		CF8B11C02735826D00579F46 /* Resources */ = {
			isa = PBXResourcesBuildPhase;
			buildActionMask = 2147483647;
			files = (
			);
			runOnlyForDeploymentPostprocessing = 0;
		};
/* End PBXResourcesBuildPhase section */

/* Begin PBXSourcesBuildPhase section */
		CF8B11A42735826B00579F46 /* Sources */ = {
			isa = PBXSourcesBuildPhase;
			buildActionMask = 2147483647;
			files = (
				CF8B11AE2735826B00579F46 /* ContentView.swift in Sources */,
				CF8B11DA2735A2C200579F46 /* StickyView.swift in Sources */,
				91CBF0CD2735999500C4E8BC /* SliderAnimation.swift in Sources */,
				91CBF0C8273585B500C4E8BC /* SessionParamView.swift in Sources */,
				91CBF0C62735857700C4E8BC /* StartPage.swift in Sources */,
				91E8A0502736F8FB00D970C5 /* SessionBottomSlider.swift in Sources */,
				91CBF0D02735B3FC00C4E8BC /* ParallaxEffect.swift in Sources */,
				CF0814B82736B09B00D7E562 /* StrokeStyle+dashed.swift in Sources */,
				CF8B11E12735F2B200579F46 /* Color+sticky.swift in Sources */,
				CF0814BA2736B11B00D7E562 /* DashedButtonStyle.swift in Sources */,
				CF8B11AC2735826B00579F46 /* MoltApp.swift in Sources */,
				CF8B11D82735889000579F46 /* Sticky.swift in Sources */,
				CF8B11DC2735A2D000579F46 /* StickyViewDemo.swift in Sources */,
				91CBF0D22735B44D00C4E8BC /* ParallaxDemo.swift in Sources */,
				91CBF0D42736564B00C4E8BC /* DashedBorderEffect.swift in Sources */,
				91E8A04E2736EA3700D970C5 /* SessionStartView.swift in Sources */,
				CF8B11D62735855400579F46 /* MoltSession.swift in Sources */,
			);
			runOnlyForDeploymentPostprocessing = 0;
		};
		CF8B11B42735826D00579F46 /* Sources */ = {
			isa = PBXSourcesBuildPhase;
			buildActionMask = 2147483647;
			files = (
				CF8B11BD2735826D00579F46 /* MoltTests.swift in Sources */,
			);
			runOnlyForDeploymentPostprocessing = 0;
		};
		CF8B11BE2735826D00579F46 /* Sources */ = {
			isa = PBXSourcesBuildPhase;
			buildActionMask = 2147483647;
			files = (
				CF8B11C92735826D00579F46 /* MoltUITestsLaunchTests.swift in Sources */,
				CF8B11C72735826D00579F46 /* MoltUITests.swift in Sources */,
			);
			runOnlyForDeploymentPostprocessing = 0;
		};
/* End PBXSourcesBuildPhase section */

/* Begin PBXTargetDependency section */
		CF8B11BA2735826D00579F46 /* PBXTargetDependency */ = {
			isa = PBXTargetDependency;
			target = CF8B11A72735826B00579F46 /* Molt */;
			targetProxy = CF8B11B92735826D00579F46 /* PBXContainerItemProxy */;
		};
		CF8B11C42735826D00579F46 /* PBXTargetDependency */ = {
			isa = PBXTargetDependency;
			target = CF8B11A72735826B00579F46 /* Molt */;
			targetProxy = CF8B11C32735826D00579F46 /* PBXContainerItemProxy */;
		};
/* End PBXTargetDependency section */

/* Begin XCBuildConfiguration section */
		CF8B11CA2735826D00579F46 /* Debug */ = {
			isa = XCBuildConfiguration;
			buildSettings = {
				ALWAYS_SEARCH_USER_PATHS = NO;
				CLANG_ANALYZER_NONNULL = YES;
				CLANG_ANALYZER_NUMBER_OBJECT_CONVERSION = YES_AGGRESSIVE;
				CLANG_CXX_LANGUAGE_STANDARD = "gnu++17";
				CLANG_CXX_LIBRARY = "libc++";
				CLANG_ENABLE_MODULES = YES;
				CLANG_ENABLE_OBJC_ARC = YES;
				CLANG_ENABLE_OBJC_WEAK = YES;
				CLANG_WARN_BLOCK_CAPTURE_AUTORELEASING = YES;
				CLANG_WARN_BOOL_CONVERSION = YES;
				CLANG_WARN_COMMA = YES;
				CLANG_WARN_CONSTANT_CONVERSION = YES;
				CLANG_WARN_DEPRECATED_OBJC_IMPLEMENTATIONS = YES;
				CLANG_WARN_DIRECT_OBJC_ISA_USAGE = YES_ERROR;
				CLANG_WARN_DOCUMENTATION_COMMENTS = YES;
				CLANG_WARN_EMPTY_BODY = YES;
				CLANG_WARN_ENUM_CONVERSION = YES;
				CLANG_WARN_INFINITE_RECURSION = YES;
				CLANG_WARN_INT_CONVERSION = YES;
				CLANG_WARN_NON_LITERAL_NULL_CONVERSION = YES;
				CLANG_WARN_OBJC_IMPLICIT_RETAIN_SELF = YES;
				CLANG_WARN_OBJC_LITERAL_CONVERSION = YES;
				CLANG_WARN_OBJC_ROOT_CLASS = YES_ERROR;
				CLANG_WARN_QUOTED_INCLUDE_IN_FRAMEWORK_HEADER = YES;
				CLANG_WARN_RANGE_LOOP_ANALYSIS = YES;
				CLANG_WARN_STRICT_PROTOTYPES = YES;
				CLANG_WARN_SUSPICIOUS_MOVE = YES;
				CLANG_WARN_UNGUARDED_AVAILABILITY = YES_AGGRESSIVE;
				CLANG_WARN_UNREACHABLE_CODE = YES;
				CLANG_WARN__DUPLICATE_METHOD_MATCH = YES;
				COPY_PHASE_STRIP = NO;
				DEBUG_INFORMATION_FORMAT = dwarf;
				ENABLE_STRICT_OBJC_MSGSEND = YES;
				ENABLE_TESTABILITY = YES;
				GCC_C_LANGUAGE_STANDARD = gnu11;
				GCC_DYNAMIC_NO_PIC = NO;
				GCC_NO_COMMON_BLOCKS = YES;
				GCC_OPTIMIZATION_LEVEL = 0;
				GCC_PREPROCESSOR_DEFINITIONS = (
					"DEBUG=1",
					"$(inherited)",
				);
				GCC_WARN_64_TO_32_BIT_CONVERSION = YES;
				GCC_WARN_ABOUT_RETURN_TYPE = YES_ERROR;
				GCC_WARN_UNDECLARED_SELECTOR = YES;
				GCC_WARN_UNINITIALIZED_AUTOS = YES_AGGRESSIVE;
				GCC_WARN_UNUSED_FUNCTION = YES;
				GCC_WARN_UNUSED_VARIABLE = YES;
				IPHONEOS_DEPLOYMENT_TARGET = 15.0;
				MTL_ENABLE_DEBUG_INFO = INCLUDE_SOURCE;
				MTL_FAST_MATH = YES;
				ONLY_ACTIVE_ARCH = YES;
				SDKROOT = iphoneos;
				SWIFT_ACTIVE_COMPILATION_CONDITIONS = DEBUG;
				SWIFT_OPTIMIZATION_LEVEL = "-Onone";
			};
			name = Debug;
		};
		CF8B11CB2735826D00579F46 /* Release */ = {
			isa = XCBuildConfiguration;
			buildSettings = {
				ALWAYS_SEARCH_USER_PATHS = NO;
				CLANG_ANALYZER_NONNULL = YES;
				CLANG_ANALYZER_NUMBER_OBJECT_CONVERSION = YES_AGGRESSIVE;
				CLANG_CXX_LANGUAGE_STANDARD = "gnu++17";
				CLANG_CXX_LIBRARY = "libc++";
				CLANG_ENABLE_MODULES = YES;
				CLANG_ENABLE_OBJC_ARC = YES;
				CLANG_ENABLE_OBJC_WEAK = YES;
				CLANG_WARN_BLOCK_CAPTURE_AUTORELEASING = YES;
				CLANG_WARN_BOOL_CONVERSION = YES;
				CLANG_WARN_COMMA = YES;
				CLANG_WARN_CONSTANT_CONVERSION = YES;
				CLANG_WARN_DEPRECATED_OBJC_IMPLEMENTATIONS = YES;
				CLANG_WARN_DIRECT_OBJC_ISA_USAGE = YES_ERROR;
				CLANG_WARN_DOCUMENTATION_COMMENTS = YES;
				CLANG_WARN_EMPTY_BODY = YES;
				CLANG_WARN_ENUM_CONVERSION = YES;
				CLANG_WARN_INFINITE_RECURSION = YES;
				CLANG_WARN_INT_CONVERSION = YES;
				CLANG_WARN_NON_LITERAL_NULL_CONVERSION = YES;
				CLANG_WARN_OBJC_IMPLICIT_RETAIN_SELF = YES;
				CLANG_WARN_OBJC_LITERAL_CONVERSION = YES;
				CLANG_WARN_OBJC_ROOT_CLASS = YES_ERROR;
				CLANG_WARN_QUOTED_INCLUDE_IN_FRAMEWORK_HEADER = YES;
				CLANG_WARN_RANGE_LOOP_ANALYSIS = YES;
				CLANG_WARN_STRICT_PROTOTYPES = YES;
				CLANG_WARN_SUSPICIOUS_MOVE = YES;
				CLANG_WARN_UNGUARDED_AVAILABILITY = YES_AGGRESSIVE;
				CLANG_WARN_UNREACHABLE_CODE = YES;
				CLANG_WARN__DUPLICATE_METHOD_MATCH = YES;
				COPY_PHASE_STRIP = NO;
				DEBUG_INFORMATION_FORMAT = "dwarf-with-dsym";
				ENABLE_NS_ASSERTIONS = NO;
				ENABLE_STRICT_OBJC_MSGSEND = YES;
				GCC_C_LANGUAGE_STANDARD = gnu11;
				GCC_NO_COMMON_BLOCKS = YES;
				GCC_WARN_64_TO_32_BIT_CONVERSION = YES;
				GCC_WARN_ABOUT_RETURN_TYPE = YES_ERROR;
				GCC_WARN_UNDECLARED_SELECTOR = YES;
				GCC_WARN_UNINITIALIZED_AUTOS = YES_AGGRESSIVE;
				GCC_WARN_UNUSED_FUNCTION = YES;
				GCC_WARN_UNUSED_VARIABLE = YES;
				IPHONEOS_DEPLOYMENT_TARGET = 15.0;
				MTL_ENABLE_DEBUG_INFO = NO;
				MTL_FAST_MATH = YES;
				SDKROOT = iphoneos;
				SWIFT_COMPILATION_MODE = wholemodule;
				SWIFT_OPTIMIZATION_LEVEL = "-O";
				VALIDATE_PRODUCT = YES;
			};
			name = Release;
		};
		CF8B11CD2735826D00579F46 /* Debug */ = {
			isa = XCBuildConfiguration;
			buildSettings = {
				ASSETCATALOG_COMPILER_APPICON_NAME = AppIcon;
				ASSETCATALOG_COMPILER_GLOBAL_ACCENT_COLOR_NAME = AccentColor;
				CODE_SIGN_STYLE = Automatic;
				CURRENT_PROJECT_VERSION = 1;
				DEVELOPMENT_ASSET_PATHS = "\"Molt/Preview Content\"";
				DEVELOPMENT_TEAM = 97423JQ8B9;
				ENABLE_PREVIEWS = YES;
				GENERATE_INFOPLIST_FILE = YES;
				INFOPLIST_KEY_UIApplicationSceneManifest_Generation = YES;
				INFOPLIST_KEY_UIApplicationSupportsIndirectInputEvents = YES;
				INFOPLIST_KEY_UILaunchScreen_Generation = YES;
				INFOPLIST_KEY_UISupportedInterfaceOrientations_iPad = "UIInterfaceOrientationPortrait UIInterfaceOrientationPortraitUpsideDown UIInterfaceOrientationLandscapeLeft UIInterfaceOrientationLandscapeRight";
				INFOPLIST_KEY_UISupportedInterfaceOrientations_iPhone = "UIInterfaceOrientationPortrait UIInterfaceOrientationLandscapeLeft UIInterfaceOrientationLandscapeRight";
				IPHONEOS_DEPLOYMENT_TARGET = 14.0;
				LD_RUNPATH_SEARCH_PATHS = (
					"$(inherited)",
					"@executable_path/Frameworks",
				);
				MARKETING_VERSION = 1.0;
				PRODUCT_BUNDLE_IDENTIFIER = com.abetterwaytodo.Molt;
				PRODUCT_NAME = "$(TARGET_NAME)";
				SWIFT_EMIT_LOC_STRINGS = YES;
				SWIFT_VERSION = 5.0;
				TARGETED_DEVICE_FAMILY = "1,2";
			};
			name = Debug;
		};
		CF8B11CE2735826D00579F46 /* Release */ = {
			isa = XCBuildConfiguration;
			buildSettings = {
				ASSETCATALOG_COMPILER_APPICON_NAME = AppIcon;
				ASSETCATALOG_COMPILER_GLOBAL_ACCENT_COLOR_NAME = AccentColor;
				CODE_SIGN_STYLE = Automatic;
				CURRENT_PROJECT_VERSION = 1;
				DEVELOPMENT_ASSET_PATHS = "\"Molt/Preview Content\"";
				DEVELOPMENT_TEAM = 97423JQ8B9;
				ENABLE_PREVIEWS = YES;
				GENERATE_INFOPLIST_FILE = YES;
				INFOPLIST_KEY_UIApplicationSceneManifest_Generation = YES;
				INFOPLIST_KEY_UIApplicationSupportsIndirectInputEvents = YES;
				INFOPLIST_KEY_UILaunchScreen_Generation = YES;
				INFOPLIST_KEY_UISupportedInterfaceOrientations_iPad = "UIInterfaceOrientationPortrait UIInterfaceOrientationPortraitUpsideDown UIInterfaceOrientationLandscapeLeft UIInterfaceOrientationLandscapeRight";
				INFOPLIST_KEY_UISupportedInterfaceOrientations_iPhone = "UIInterfaceOrientationPortrait UIInterfaceOrientationLandscapeLeft UIInterfaceOrientationLandscapeRight";
				IPHONEOS_DEPLOYMENT_TARGET = 14.0;
				LD_RUNPATH_SEARCH_PATHS = (
					"$(inherited)",
					"@executable_path/Frameworks",
				);
				MARKETING_VERSION = 1.0;
				PRODUCT_BUNDLE_IDENTIFIER = com.abetterwaytodo.Molt;
				PRODUCT_NAME = "$(TARGET_NAME)";
				SWIFT_EMIT_LOC_STRINGS = YES;
				SWIFT_VERSION = 5.0;
				TARGETED_DEVICE_FAMILY = "1,2";
			};
			name = Release;
		};
		CF8B11D02735826D00579F46 /* Debug */ = {
			isa = XCBuildConfiguration;
			buildSettings = {
				ALWAYS_EMBED_SWIFT_STANDARD_LIBRARIES = YES;
				BUNDLE_LOADER = "$(TEST_HOST)";
				CODE_SIGN_STYLE = Automatic;
				CURRENT_PROJECT_VERSION = 1;
				DEVELOPMENT_TEAM = 97423JQ8B9;
				GENERATE_INFOPLIST_FILE = YES;
				IPHONEOS_DEPLOYMENT_TARGET = 14.0;
				LD_RUNPATH_SEARCH_PATHS = (
					"$(inherited)",
					"@executable_path/Frameworks",
					"@loader_path/Frameworks",
				);
				MARKETING_VERSION = 1.0;
				PRODUCT_BUNDLE_IDENTIFIER = com.abetterwaytodo.MoltTests;
				PRODUCT_NAME = "$(TARGET_NAME)";
				SWIFT_EMIT_LOC_STRINGS = NO;
				SWIFT_VERSION = 5.0;
				TARGETED_DEVICE_FAMILY = "1,2";
				TEST_HOST = "$(BUILT_PRODUCTS_DIR)/Molt.app/Molt";
			};
			name = Debug;
		};
		CF8B11D12735826D00579F46 /* Release */ = {
			isa = XCBuildConfiguration;
			buildSettings = {
				ALWAYS_EMBED_SWIFT_STANDARD_LIBRARIES = YES;
				BUNDLE_LOADER = "$(TEST_HOST)";
				CODE_SIGN_STYLE = Automatic;
				CURRENT_PROJECT_VERSION = 1;
				DEVELOPMENT_TEAM = 97423JQ8B9;
				GENERATE_INFOPLIST_FILE = YES;
				IPHONEOS_DEPLOYMENT_TARGET = 14.0;
				LD_RUNPATH_SEARCH_PATHS = (
					"$(inherited)",
					"@executable_path/Frameworks",
					"@loader_path/Frameworks",
				);
				MARKETING_VERSION = 1.0;
				PRODUCT_BUNDLE_IDENTIFIER = com.abetterwaytodo.MoltTests;
				PRODUCT_NAME = "$(TARGET_NAME)";
				SWIFT_EMIT_LOC_STRINGS = NO;
				SWIFT_VERSION = 5.0;
				TARGETED_DEVICE_FAMILY = "1,2";
				TEST_HOST = "$(BUILT_PRODUCTS_DIR)/Molt.app/Molt";
			};
			name = Release;
		};
		CF8B11D32735826D00579F46 /* Debug */ = {
			isa = XCBuildConfiguration;
			buildSettings = {
				ALWAYS_EMBED_SWIFT_STANDARD_LIBRARIES = YES;
				CODE_SIGN_STYLE = Automatic;
				CURRENT_PROJECT_VERSION = 1;
				DEVELOPMENT_TEAM = 97423JQ8B9;
				GENERATE_INFOPLIST_FILE = YES;
				LD_RUNPATH_SEARCH_PATHS = (
					"$(inherited)",
					"@executable_path/Frameworks",
					"@loader_path/Frameworks",
				);
				MARKETING_VERSION = 1.0;
				PRODUCT_BUNDLE_IDENTIFIER = com.abetterwaytodo.MoltUITests;
				PRODUCT_NAME = "$(TARGET_NAME)";
				SWIFT_EMIT_LOC_STRINGS = NO;
				SWIFT_VERSION = 5.0;
				TARGETED_DEVICE_FAMILY = "1,2";
				TEST_TARGET_NAME = Molt;
			};
			name = Debug;
		};
		CF8B11D42735826D00579F46 /* Release */ = {
			isa = XCBuildConfiguration;
			buildSettings = {
				ALWAYS_EMBED_SWIFT_STANDARD_LIBRARIES = YES;
				CODE_SIGN_STYLE = Automatic;
				CURRENT_PROJECT_VERSION = 1;
				DEVELOPMENT_TEAM = 97423JQ8B9;
				GENERATE_INFOPLIST_FILE = YES;
				LD_RUNPATH_SEARCH_PATHS = (
					"$(inherited)",
					"@executable_path/Frameworks",
					"@loader_path/Frameworks",
				);
				MARKETING_VERSION = 1.0;
				PRODUCT_BUNDLE_IDENTIFIER = com.abetterwaytodo.MoltUITests;
				PRODUCT_NAME = "$(TARGET_NAME)";
				SWIFT_EMIT_LOC_STRINGS = NO;
				SWIFT_VERSION = 5.0;
				TARGETED_DEVICE_FAMILY = "1,2";
				TEST_TARGET_NAME = Molt;
			};
			name = Release;
		};
/* End XCBuildConfiguration section */

/* Begin XCConfigurationList section */
		CF8B11A32735826B00579F46 /* Build configuration list for PBXProject "Molt" */ = {
			isa = XCConfigurationList;
			buildConfigurations = (
				CF8B11CA2735826D00579F46 /* Debug */,
				CF8B11CB2735826D00579F46 /* Release */,
			);
			defaultConfigurationIsVisible = 0;
			defaultConfigurationName = Release;
		};
		CF8B11CC2735826D00579F46 /* Build configuration list for PBXNativeTarget "Molt" */ = {
			isa = XCConfigurationList;
			buildConfigurations = (
				CF8B11CD2735826D00579F46 /* Debug */,
				CF8B11CE2735826D00579F46 /* Release */,
			);
			defaultConfigurationIsVisible = 0;
			defaultConfigurationName = Release;
		};
		CF8B11CF2735826D00579F46 /* Build configuration list for PBXNativeTarget "MoltTests" */ = {
			isa = XCConfigurationList;
			buildConfigurations = (
				CF8B11D02735826D00579F46 /* Debug */,
				CF8B11D12735826D00579F46 /* Release */,
			);
			defaultConfigurationIsVisible = 0;
			defaultConfigurationName = Release;
		};
		CF8B11D22735826D00579F46 /* Build configuration list for PBXNativeTarget "MoltUITests" */ = {
			isa = XCConfigurationList;
			buildConfigurations = (
				CF8B11D32735826D00579F46 /* Debug */,
				CF8B11D42735826D00579F46 /* Release */,
			);
			defaultConfigurationIsVisible = 0;
			defaultConfigurationName = Release;
		};
/* End XCConfigurationList section */
	};
	rootObject = CF8B11A02735826B00579F46 /* Project object */;
}
